
Microsoft Visual Studio Solution File, Format Version 12.00
# Visual Studio Version 17
VisualStudioVersion = 17.9.34607.119
MinimumVisualStudioVersion = 10.0.40219.1
Project("{FAE04EC0-301F-11D3-BF4B-00C04F79EFBC}") = "Learning.Api", "src\Learning.Api\Learning.Api.csproj", "{C5FA7375-6CF2-4D23-B320-F9C147169A82}"
EndProject
Global
	GlobalSection(SolutionConfigurationPlatforms) = preSolution
		Debug|Any CPU = Debug|Any CPU
		Release|Any CPU = Release|Any CPU
	EndGlobalSection
	GlobalSection(ProjectConfigurationPlatforms) = postSolution
		{C5FA7375-6CF2-4D23-B320-F9C147169A82}.Debug|Any CPU.ActiveCfg = Debug|Any CPU
		{C5FA7375-6CF2-4D23-B320-F9C147169A82}.Debug|Any CPU.Build.0 = Debug|Any CPU
		{C5FA7375-6CF2-4D23-B320-F9C147169A82}.Release|Any CPU.ActiveCfg = Release|Any CPU
		{C5FA7375-6CF2-4D23-B320-F9C147169A82}.Release|Any CPU.Build.0 = Release|Any CPU
	EndGlobalSection
	GlobalSection(SolutionProperties) = preSolution
		HideSolutionNode = FALSE
	EndGlobalSection
	GlobalSection(ExtensibilityGlobals) = postSolution
		SolutionGuid = {D4C5CD73-AAEC-4F91-8EFE-3CA3B7121B45}
	EndGlobalSection
EndGlobal
