{
  "version": 4,
  "terraform_version": "1.10.5",
  "serial": 9,
  "lineage": "d5bb2ed5-1608-a94f-c434-ec89c5912d46",
  "outputs": {},
  "resources": [
    {
      "mode": "managed",
      "type": "local_file",
      "name": "sample_resource",
      "provider": "provider[\"registry.terraform.io/hashicorp/local\"]",
      "instances": [
        {
          "schema_version": 0,
          "attributes": {
            "content": "I am coming from variables.tf",
            "content_base64": null,
            "content_base64sha256": "/H671P1zjL88CJWSbKeuqO0FiKb6m1QWh8GIb9WWC5o=",
            "content_base64sha512": "dSjsNFDfdxHWkQyhfJa9G+Wa0VHMHhLDuv1cVKpLTelxkcSt9nTc++CwesdklLn11HU8a+fNImqbFdre2+wLew==",
            "content_md5": "a1d46a0262a36e3470b7341e77d3d875",
            "content_sha1": "960c3ddaa51c8ee4df98252a4e9488f51a537300",
            "content_sha256": "fc7ebbd4fd738cbf3c0895926ca7aea8ed0588a6fa9b541687c1886fd5960b9a",
            "content_sha512": "7528ec3450df7711d6910ca17c96bd1be59ad151cc1e12c3bafd5c54aa4b4de97191c4adf674dcfbe0b07ac76494b9f5d4753c6be7cd226a9b15dadedbec0b7b",
            "directory_permission": "0777",
            "file_permission": "0777",
            "filename": "my_file.txt",
            "id": "960c3ddaa51c8ee4df98252a4e9488f51a537300",
            "sensitive_content": null,
            "source": null
          },
          "sensitive_attributes": [
            [
              {
                "type": "get_attr",
                "value": "sensitive_content"
              }
            ]
          ]
        }
      ]
    }
  ],
  "check_results": null
}
